
Microsoft Visual Studio Solution File, Format Version 12.00
# Visual Studio Version 17
VisualStudioVersion = 17.5.33502.453
MinimumVisualStudioVersion = 10.0.40219.1
Project("{9A19103F-16F7-4668-BE54-9A1E7A4F7556}") = "Luxottica", "Luxottica\Luxottica.csproj", "{F9136529-B1BB-47C4-8370-928A1048052D}"
EndProject
Project("{9A19103F-16F7-4668-BE54-9A1E7A4F7556}") = "Luxottica.Core", "Luxottica.Core\Luxottica.Core.csproj", "{5655D770-26A0-42B9-A2A1-5B62F50177B8}"
EndProject
Project("{9A19103F-16F7-4668-BE54-9A1E7A4F7556}") = "Luxottica.ApplicationServices", "Luxottica.ApplicationServices\Luxottica.ApplicationServices.csproj", "{941A4D88-AE40-4F22-A5D5-B365928CCEAA}"
EndProject
Project("{9A19103F-16F7-4668-BE54-9A1E7A4F7556}") = "Luxottica.DataAccess", "Luxottica.DataAccess\Luxottica.DataAccess.csproj", "{363F83CF-15C7-4557-A787-421B43F6BE38}"
EndProject
Project("{9A19103F-16F7-4668-BE54-9A1E7A4F7556}") = "Luxottica.ApplicationServices.Shared", "Luxottica.ApplicationServices.Shared\Luxottica.ApplicationServices.Shared.csproj", "{6FF2952A-825D-43AD-8950-0802E8AFBE88}"
EndProject
Project("{9A19103F-16F7-4668-BE54-9A1E7A4F7556}") = "Luxottica.UnitTest", "Luxottica.UnitTest\Luxottica.UnitTest.csproj", "{BE3A305D-81EE-433C-931B-0EC69B4DA9D8}"
EndProject
Global
	GlobalSection(SolutionConfigurationPlatforms) = preSolution
		Debug|Any CPU = Debug|Any CPU
		Release|Any CPU = Release|Any CPU
	EndGlobalSection
	GlobalSection(ProjectConfigurationPlatforms) = postSolution
		{F9136529-B1BB-47C4-8370-928A1048052D}.Debug|Any CPU.ActiveCfg = Debug|Any CPU
		{F9136529-B1BB-47C4-8370-928A1048052D}.Debug|Any CPU.Build.0 = Debug|Any CPU
		{F9136529-B1BB-47C4-8370-928A1048052D}.Release|Any CPU.ActiveCfg = Release|Any CPU
		{F9136529-B1BB-47C4-8370-928A1048052D}.Release|Any CPU.Build.0 = Release|Any CPU
		{5655D770-26A0-42B9-A2A1-5B62F50177B8}.Debug|Any CPU.ActiveCfg = Debug|Any CPU
		{5655D770-26A0-42B9-A2A1-5B62F50177B8}.Debug|Any CPU.Build.0 = Debug|Any CPU
		{5655D770-26A0-42B9-A2A1-5B62F50177B8}.Release|Any CPU.ActiveCfg = Release|Any CPU
		{5655D770-26A0-42B9-A2A1-5B62F50177B8}.Release|Any CPU.Build.0 = Release|Any CPU
		{941A4D88-AE40-4F22-A5D5-B365928CCEAA}.Debug|Any CPU.ActiveCfg = Debug|Any CPU
		{941A4D88-AE40-4F22-A5D5-B365928CCEAA}.Debug|Any CPU.Build.0 = Debug|Any CPU
		{941A4D88-AE40-4F22-A5D5-B365928CCEAA}.Release|Any CPU.ActiveCfg = Release|Any CPU
		{941A4D88-AE40-4F22-A5D5-B365928CCEAA}.Release|Any CPU.Build.0 = Release|Any CPU
		{363F83CF-15C7-4557-A787-421B43F6BE38}.Debug|Any CPU.ActiveCfg = Debug|Any CPU
		{363F83CF-15C7-4557-A787-421B43F6BE38}.Debug|Any CPU.Build.0 = Debug|Any CPU
		{363F83CF-15C7-4557-A787-421B43F6BE38}.Release|Any CPU.ActiveCfg = Release|Any CPU
		{363F83CF-15C7-4557-A787-421B43F6BE38}.Release|Any CPU.Build.0 = Release|Any CPU
		{6FF2952A-825D-43AD-8950-0802E8AFBE88}.Debug|Any CPU.ActiveCfg = Debug|Any CPU
		{6FF2952A-825D-43AD-8950-0802E8AFBE88}.Debug|Any CPU.Build.0 = Debug|Any CPU
		{6FF2952A-825D-43AD-8950-0802E8AFBE88}.Release|Any CPU.ActiveCfg = Release|Any CPU
		{6FF2952A-825D-43AD-8950-0802E8AFBE88}.Release|Any CPU.Build.0 = Release|Any CPU
		{BE3A305D-81EE-433C-931B-0EC69B4DA9D8}.Debug|Any CPU.ActiveCfg = Debug|Any CPU
		{BE3A305D-81EE-433C-931B-0EC69B4DA9D8}.Debug|Any CPU.Build.0 = Debug|Any CPU
		{BE3A305D-81EE-433C-931B-0EC69B4DA9D8}.Release|Any CPU.ActiveCfg = Release|Any CPU
		{BE3A305D-81EE-433C-931B-0EC69B4DA9D8}.Release|Any CPU.Build.0 = Release|Any CPU
	EndGlobalSection
	GlobalSection(SolutionProperties) = preSolution
		HideSolutionNode = FALSE
	EndGlobalSection
	GlobalSection(ExtensibilityGlobals) = postSolution
		SolutionGuid = {5E049407-096F-4B5C-9E60-9CFC87E664B3}
	EndGlobalSection
EndGlobal
